
Microsoft Visual Studio Solution File, Format Version 12.00
# Visual Studio 2013
VisualStudioVersion = 12.0.40629.0
MinimumVisualStudioVersion = 10.0.40219.1
Project("{FAE04EC0-301F-11D3-BF4B-00C04F79EFBC}") = "Greedy.Dapper", "Greedy.Dapper\Greedy.Dapper.csproj", "{B29C8084-439E-4668-A17E-A56E2E3B3E65}"
EndProject
Project("{FAE04EC0-301F-11D3-BF4B-00C04F79EFBC}") = "Greedy.Toolkit", "Greedy.Toolkit\Greedy.Toolkit.csproj", "{A503F132-88F9-4200-AEBD-A64986D886F5}"
EndProject
Project("{FAE04EC0-301F-11D3-BF4B-00C04F79EFBC}") = "Greedy.Test", "Greedy.Test\Greedy.Test.csproj", "{49D7DD72-C80E-4D3C-9045-4D7E98C2F325}"
EndProject
Project("{FAE04EC0-301F-11D3-BF4B-00C04F79EFBC}") = "Greedy.QueryEngine", "Greedy.QueryEngine\Greedy.QueryEngine.csproj", "{B20270F1-01CE-4C19-9B36-9AB6BF3AFB30}"
EndProject
Global
	GlobalSection(SolutionConfigurationPlatforms) = preSolution
		Debug|Any CPU = Debug|Any CPU
		Release|Any CPU = Release|Any CPU
	EndGlobalSection
	GlobalSection(ProjectConfigurationPlatforms) = postSolution
		{B29C8084-439E-4668-A17E-A56E2E3B3E65}.Debug|Any CPU.ActiveCfg = Debug|Any CPU
		{B29C8084-439E-4668-A17E-A56E2E3B3E65}.Debug|Any CPU.Build.0 = Debug|Any CPU
		{B29C8084-439E-4668-A17E-A56E2E3B3E65}.Release|Any CPU.ActiveCfg = Release|Any CPU
		{B29C8084-439E-4668-A17E-A56E2E3B3E65}.Release|Any CPU.Build.0 = Release|Any CPU
		{A503F132-88F9-4200-AEBD-A64986D886F5}.Debug|Any CPU.ActiveCfg = Debug|Any CPU
		{A503F132-88F9-4200-AEBD-A64986D886F5}.Debug|Any CPU.Build.0 = Debug|Any CPU
		{A503F132-88F9-4200-AEBD-A64986D886F5}.Release|Any CPU.ActiveCfg = Release|Any CPU
		{A503F132-88F9-4200-AEBD-A64986D886F5}.Release|Any CPU.Build.0 = Release|Any CPU
		{49D7DD72-C80E-4D3C-9045-4D7E98C2F325}.Debug|Any CPU.ActiveCfg = Debug|Any CPU
		{49D7DD72-C80E-4D3C-9045-4D7E98C2F325}.Debug|Any CPU.Build.0 = Debug|Any CPU
		{49D7DD72-C80E-4D3C-9045-4D7E98C2F325}.Release|Any CPU.ActiveCfg = Release|Any CPU
		{49D7DD72-C80E-4D3C-9045-4D7E98C2F325}.Release|Any CPU.Build.0 = Release|Any CPU
		{B20270F1-01CE-4C19-9B36-9AB6BF3AFB30}.Debug|Any CPU.ActiveCfg = Debug|Any CPU
		{B20270F1-01CE-4C19-9B36-9AB6BF3AFB30}.Debug|Any CPU.Build.0 = Debug|Any CPU
		{B20270F1-01CE-4C19-9B36-9AB6BF3AFB30}.Release|Any CPU.ActiveCfg = Release|Any CPU
		{B20270F1-01CE-4C19-9B36-9AB6BF3AFB30}.Release|Any CPU.Build.0 = Release|Any CPU
	EndGlobalSection
	GlobalSection(SolutionProperties) = preSolution
		HideSolutionNode = FALSE
	EndGlobalSection
EndGlobal
